
Microsoft Visual Studio Solution File, Format Version 12.00
# Visual Studio Version 16
VisualStudioVersion = 16.0.31424.327
MinimumVisualStudioVersion = 10.0.40219.1
Project("{FAE04EC0-301F-11D3-BF4B-00C04F79EFBC}") = "test2", "test2\test2.csproj", "{A851563E-06A5-4178-8B02-BC6FD043A7D8}"
EndProject
Global
	GlobalSection(SolutionConfigurationPlatforms) = preSolution
		Debug|Any CPU = Debug|Any CPU
		Release|Any CPU = Release|Any CPU
	EndGlobalSection
	GlobalSection(ProjectConfigurationPlatforms) = postSolution
		{A851563E-06A5-4178-8B02-BC6FD043A7D8}.Debug|Any CPU.ActiveCfg = Debug|Any CPU
		{A851563E-06A5-4178-8B02-BC6FD043A7D8}.Debug|Any CPU.Build.0 = Debug|Any CPU
		{A851563E-06A5-4178-8B02-BC6FD043A7D8}.Release|Any CPU.ActiveCfg = Release|Any CPU
		{A851563E-06A5-4178-8B02-BC6FD043A7D8}.Release|Any CPU.Build.0 = Release|Any CPU
	EndGlobalSection
	GlobalSection(SolutionProperties) = preSolution
		HideSolutionNode = FALSE
	EndGlobalSection
	GlobalSection(ExtensibilityGlobals) = postSolution
		SolutionGuid = {0C41DAFF-3599-486A-9E26-83135478753F}
	EndGlobalSection
EndGlobal
